
Microsoft Visual Studio Solution File, Format Version 12.00
# Visual Studio 14
VisualStudioVersion = 14.0.24720.0
MinimumVisualStudioVersion = 10.0.40219.1
Project("{FAE04EC0-301F-11D3-BF4B-00C04F79EFBC}") = "SomeCurves", "SomeCurves\SomeCurves.csproj", "{5762A561-9FCD-48AD-85E5-C3135CC4A5EE}"
EndProject
Project("{FAE04EC0-301F-11D3-BF4B-00C04F79EFBC}") = "KPG01 ciste", "..\..\..\..\..\..\School\KPG\CV\KPG01 ciste cv4\KPG01 ciste\KPG01 ciste.csproj", "{227448C6-5DC7-4DA7-BB71-6C3CA4F6925D}"
EndProject
Global
	GlobalSection(SolutionConfigurationPlatforms) = preSolution
		Debug|Any CPU = Debug|Any CPU
		Release|Any CPU = Release|Any CPU
	EndGlobalSection
	GlobalSection(ProjectConfigurationPlatforms) = postSolution
		{5762A561-9FCD-48AD-85E5-C3135CC4A5EE}.Debug|Any CPU.ActiveCfg = Debug|Any CPU
		{5762A561-9FCD-48AD-85E5-C3135CC4A5EE}.Debug|Any CPU.Build.0 = Debug|Any CPU
		{5762A561-9FCD-48AD-85E5-C3135CC4A5EE}.Release|Any CPU.ActiveCfg = Release|Any CPU
		{5762A561-9FCD-48AD-85E5-C3135CC4A5EE}.Release|Any CPU.Build.0 = Release|Any CPU
		{227448C6-5DC7-4DA7-BB71-6C3CA4F6925D}.Debug|Any CPU.ActiveCfg = Debug|Any CPU
		{227448C6-5DC7-4DA7-BB71-6C3CA4F6925D}.Debug|Any CPU.Build.0 = Debug|Any CPU
		{227448C6-5DC7-4DA7-BB71-6C3CA4F6925D}.Release|Any CPU.ActiveCfg = Release|Any CPU
		{227448C6-5DC7-4DA7-BB71-6C3CA4F6925D}.Release|Any CPU.Build.0 = Release|Any CPU
	EndGlobalSection
	GlobalSection(SolutionProperties) = preSolution
		HideSolutionNode = FALSE
	EndGlobalSection
EndGlobal
