
Microsoft Visual Studio Solution File, Format Version 12.00
# Visual Studio 14
VisualStudioVersion = 14.0.23107.0
MinimumVisualStudioVersion = 10.0.40219.1
Project("{FAE04EC0-301F-11D3-BF4B-00C04F79EFBC}") = "WF_openTK", "WF_openTK\WF_openTK.csproj", "{89BDC29B-B499-4331-A31E-9CAD0662888D}"
EndProject
Project("{FAE04EC0-301F-11D3-BF4B-00C04F79EFBC}") = "GUI_App_OpenTK", "WpfApplication1_openTK\GUI_App_OpenTK.csproj", "{8622EE25-EB18-455F-BD0A-AD32206CEE74}"
EndProject
Global
	GlobalSection(SolutionConfigurationPlatforms) = preSolution
		Debug|Any CPU = Debug|Any CPU
		Release|Any CPU = Release|Any CPU
	EndGlobalSection
	GlobalSection(ProjectConfigurationPlatforms) = postSolution
		{89BDC29B-B499-4331-A31E-9CAD0662888D}.Debug|Any CPU.ActiveCfg = Debug|Any CPU
		{89BDC29B-B499-4331-A31E-9CAD0662888D}.Debug|Any CPU.Build.0 = Debug|Any CPU
		{89BDC29B-B499-4331-A31E-9CAD0662888D}.Release|Any CPU.ActiveCfg = Release|Any CPU
		{89BDC29B-B499-4331-A31E-9CAD0662888D}.Release|Any CPU.Build.0 = Release|Any CPU
		{8622EE25-EB18-455F-BD0A-AD32206CEE74}.Debug|Any CPU.ActiveCfg = Debug|Any CPU
		{8622EE25-EB18-455F-BD0A-AD32206CEE74}.Debug|Any CPU.Build.0 = Debug|Any CPU
		{8622EE25-EB18-455F-BD0A-AD32206CEE74}.Release|Any CPU.ActiveCfg = Release|Any CPU
		{8622EE25-EB18-455F-BD0A-AD32206CEE74}.Release|Any CPU.Build.0 = Release|Any CPU
	EndGlobalSection
	GlobalSection(SolutionProperties) = preSolution
		HideSolutionNode = FALSE
	EndGlobalSection
	GlobalSection(TeamFoundationVersionControl) = preSolution
		SccNumberOfProjects = 1
		SccEnterpriseProvider = {4CA58AB2-18FA-4F8D-95D4-32DDF27D184C}
		SccTeamFoundationServer = https://pm06.visualstudio.com/defaultcollection
		SccProjectUniqueName0 = WpfApplication1_openTK\\GUI_App_OpenTK.csproj
		SccProjectName0 = $/Identikit\u00202.0/Identikit\u00202.0/WpfApplication1_openTK
		SccAuxPath0 = https://pm06.visualstudio.com/defaultcollection
		SccLocalPath0 = WpfApplication1_openTK
		SccProvider0 = {4CA58AB2-18FA-4F8D-95D4-32DDF27D184C}
	EndGlobalSection
EndGlobal
